
Microsoft Visual Studio Solution File, Format Version 11.00
# Visual Studio 2010
Project("{FAE04EC0-301F-11D3-BF4B-00C04F79EFBC}") = "tp", "tp.csproj", "{03A98079-D7FC-4E95-BA0F-884BC7A3318D}"
EndProject
Global
	GlobalSection(SolutionConfigurationPlatforms) = preSolution
		Debug|x86 = Debug|x86
		Release|x86 = Release|x86
	EndGlobalSection
	GlobalSection(ProjectConfigurationPlatforms) = postSolution
		{03A98079-D7FC-4E95-BA0F-884BC7A3318D}.Debug|x86.ActiveCfg = Debug|x86
		{03A98079-D7FC-4E95-BA0F-884BC7A3318D}.Debug|x86.Build.0 = Debug|x86
		{03A98079-D7FC-4E95-BA0F-884BC7A3318D}.Release|x86.ActiveCfg = Release|x86
		{03A98079-D7FC-4E95-BA0F-884BC7A3318D}.Release|x86.Build.0 = Release|x86
	EndGlobalSection
	GlobalSection(SolutionProperties) = preSolution
		HideSolutionNode = FALSE
	EndGlobalSection
EndGlobal
